
Microsoft Visual Studio Solution File, Format Version 12.00
# Visual Studio Version 17
VisualStudioVersion = 17.0.32014.148
MinimumVisualStudioVersion = 10.0.40219.1
Project("{FAE04EC0-301F-11D3-BF4B-00C04F79EFBC}") = "H17XamarinForms.UWP", "H17XamarinForms\H17XamarinForms.UWP\H17XamarinForms.UWP.csproj", "{5056C6DE-C251-4114-87E7-3A9361618072}"
EndProject
Project("{FAE04EC0-301F-11D3-BF4B-00C04F79EFBC}") = "H17XamarinForms.Android", "H17XamarinForms\H17XamarinForms.Android\H17XamarinForms.Android.csproj", "{D1A55AF4-23E8-4BB7-B038-0745AC1B3615}"
EndProject
Project("{FAE04EC0-301F-11D3-BF4B-00C04F79EFBC}") = "H17XamarinForms.iOS", "H17XamarinForms\H17XamarinForms.iOS\H17XamarinForms.iOS.csproj", "{929DBD35-7BC1-4C41-BD83-4BD855BB9F27}"
EndProject
Project("{FAE04EC0-301F-11D3-BF4B-00C04F79EFBC}") = "H17XamarinForms", "H17XamarinForms\H17XamarinForms\H17XamarinForms.csproj", "{3844CE8C-B014-47AB-931E-4DF61F7E5465}"
EndProject
Global
	GlobalSection(SolutionConfigurationPlatforms) = preSolution
		Debug|Any CPU = Debug|Any CPU
		Debug|ARM = Debug|ARM
		Debug|iPhone = Debug|iPhone
		Debug|iPhoneSimulator = Debug|iPhoneSimulator
		Debug|x64 = Debug|x64
		Debug|x86 = Debug|x86
		Release|Any CPU = Release|Any CPU
		Release|ARM = Release|ARM
		Release|iPhone = Release|iPhone
		Release|iPhoneSimulator = Release|iPhoneSimulator
		Release|x64 = Release|x64
		Release|x86 = Release|x86
	EndGlobalSection
	GlobalSection(ProjectConfigurationPlatforms) = postSolution
		{5056C6DE-C251-4114-87E7-3A9361618072}.Debug|Any CPU.ActiveCfg = Debug|x64
		{5056C6DE-C251-4114-87E7-3A9361618072}.Debug|Any CPU.Build.0 = Debug|x64
		{5056C6DE-C251-4114-87E7-3A9361618072}.Debug|Any CPU.Deploy.0 = Debug|x64
		{5056C6DE-C251-4114-87E7-3A9361618072}.Debug|ARM.ActiveCfg = Debug|ARM
		{5056C6DE-C251-4114-87E7-3A9361618072}.Debug|ARM.Build.0 = Debug|ARM
		{5056C6DE-C251-4114-87E7-3A9361618072}.Debug|ARM.Deploy.0 = Debug|ARM
		{5056C6DE-C251-4114-87E7-3A9361618072}.Debug|iPhone.ActiveCfg = Debug|x64
		{5056C6DE-C251-4114-87E7-3A9361618072}.Debug|iPhone.Build.0 = Debug|x64
		{5056C6DE-C251-4114-87E7-3A9361618072}.Debug|iPhone.Deploy.0 = Debug|x64
		{5056C6DE-C251-4114-87E7-3A9361618072}.Debug|iPhoneSimulator.ActiveCfg = Debug|x64
		{5056C6DE-C251-4114-87E7-3A9361618072}.Debug|iPhoneSimulator.Build.0 = Debug|x64
		{5056C6DE-C251-4114-87E7-3A9361618072}.Debug|iPhoneSimulator.Deploy.0 = Debug|x64
		{5056C6DE-C251-4114-87E7-3A9361618072}.Debug|x64.ActiveCfg = Debug|x64
		{5056C6DE-C251-4114-87E7-3A9361618072}.Debug|x64.Build.0 = Debug|x64
		{5056C6DE-C251-4114-87E7-3A9361618072}.Debug|x64.Deploy.0 = Debug|x64
		{5056C6DE-C251-4114-87E7-3A9361618072}.Debug|x86.ActiveCfg = Debug|x86
		{5056C6DE-C251-4114-87E7-3A9361618072}.Debug|x86.Build.0 = Debug|x86
		{5056C6DE-C251-4114-87E7-3A9361618072}.Debug|x86.Deploy.0 = Debug|x86
		{5056C6DE-C251-4114-87E7-3A9361618072}.Release|Any CPU.ActiveCfg = Release|x64
		{5056C6DE-C251-4114-87E7-3A9361618072}.Release|Any CPU.Build.0 = Release|x64
		{5056C6DE-C251-4114-87E7-3A9361618072}.Release|Any CPU.Deploy.0 = Release|x64
		{5056C6DE-C251-4114-87E7-3A9361618072}.Release|ARM.ActiveCfg = Release|ARM
		{5056C6DE-C251-4114-87E7-3A9361618072}.Release|ARM.Build.0 = Release|ARM
		{5056C6DE-C251-4114-87E7-3A9361618072}.Release|ARM.Deploy.0 = Release|ARM
		{5056C6DE-C251-4114-87E7-3A9361618072}.Release|iPhone.ActiveCfg = Release|x64
		{5056C6DE-C251-4114-87E7-3A9361618072}.Release|iPhone.Build.0 = Release|x64
		{5056C6DE-C251-4114-87E7-3A9361618072}.Release|iPhone.Deploy.0 = Release|x64
		{5056C6DE-C251-4114-87E7-3A9361618072}.Release|iPhoneSimulator.ActiveCfg = Release|x64
		{5056C6DE-C251-4114-87E7-3A9361618072}.Release|iPhoneSimulator.Build.0 = Release|x64
		{5056C6DE-C251-4114-87E7-3A9361618072}.Release|iPhoneSimulator.Deploy.0 = Release|x64
		{5056C6DE-C251-4114-87E7-3A9361618072}.Release|x64.ActiveCfg = Release|x64
		{5056C6DE-C251-4114-87E7-3A9361618072}.Release|x64.Build.0 = Release|x64
		{5056C6DE-C251-4114-87E7-3A9361618072}.Release|x64.Deploy.0 = Release|x64
		{5056C6DE-C251-4114-87E7-3A9361618072}.Release|x86.ActiveCfg = Release|x86
		{5056C6DE-C251-4114-87E7-3A9361618072}.Release|x86.Build.0 = Release|x86
		{5056C6DE-C251-4114-87E7-3A9361618072}.Release|x86.Deploy.0 = Release|x86
		{D1A55AF4-23E8-4BB7-B038-0745AC1B3615}.Debug|Any CPU.ActiveCfg = Debug|Any CPU
		{D1A55AF4-23E8-4BB7-B038-0745AC1B3615}.Debug|Any CPU.Build.0 = Debug|Any CPU
		{D1A55AF4-23E8-4BB7-B038-0745AC1B3615}.Debug|Any CPU.Deploy.0 = Debug|Any CPU
		{D1A55AF4-23E8-4BB7-B038-0745AC1B3615}.Debug|ARM.ActiveCfg = Debug|Any CPU
		{D1A55AF4-23E8-4BB7-B038-0745AC1B3615}.Debug|ARM.Build.0 = Debug|Any CPU
		{D1A55AF4-23E8-4BB7-B038-0745AC1B3615}.Debug|ARM.Deploy.0 = Debug|Any CPU
		{D1A55AF4-23E8-4BB7-B038-0745AC1B3615}.Debug|iPhone.ActiveCfg = Debug|Any CPU
		{D1A55AF4-23E8-4BB7-B038-0745AC1B3615}.Debug|iPhone.Build.0 = Debug|Any CPU
		{D1A55AF4-23E8-4BB7-B038-0745AC1B3615}.Debug|iPhone.Deploy.0 = Debug|Any CPU
		{D1A55AF4-23E8-4BB7-B038-0745AC1B3615}.Debug|iPhoneSimulator.ActiveCfg = Debug|Any CPU
		{D1A55AF4-23E8-4BB7-B038-0745AC1B3615}.Debug|iPhoneSimulator.Build.0 = Debug|Any CPU
		{D1A55AF4-23E8-4BB7-B038-0745AC1B3615}.Debug|iPhoneSimulator.Deploy.0 = Debug|Any CPU
		{D1A55AF4-23E8-4BB7-B038-0745AC1B3615}.Debug|x64.ActiveCfg = Debug|Any CPU
		{D1A55AF4-23E8-4BB7-B038-0745AC1B3615}.Debug|x64.Build.0 = Debug|Any CPU
		{D1A55AF4-23E8-4BB7-B038-0745AC1B3615}.Debug|x64.Deploy.0 = Debug|Any CPU
		{D1A55AF4-23E8-4BB7-B038-0745AC1B3615}.Debug|x86.ActiveCfg = Debug|Any CPU
		{D1A55AF4-23E8-4BB7-B038-0745AC1B3615}.Debug|x86.Build.0 = Debug|Any CPU
		{D1A55AF4-23E8-4BB7-B038-0745AC1B3615}.Debug|x86.Deploy.0 = Debug|Any CPU
		{D1A55AF4-23E8-4BB7-B038-0745AC1B3615}.Release|Any CPU.ActiveCfg = Release|Any CPU
		{D1A55AF4-23E8-4BB7-B038-0745AC1B3615}.Release|Any CPU.Build.0 = Release|Any CPU
		{D1A55AF4-23E8-4BB7-B038-0745AC1B3615}.Release|Any CPU.Deploy.0 = Release|Any CPU
		{D1A55AF4-23E8-4BB7-B038-0745AC1B3615}.Release|ARM.ActiveCfg = Release|Any CPU
		{D1A55AF4-23E8-4BB7-B038-0745AC1B3615}.Release|ARM.Build.0 = Release|Any CPU
		{D1A55AF4-23E8-4BB7-B038-0745AC1B3615}.Release|ARM.Deploy.0 = Release|Any CPU
		{D1A55AF4-23E8-4BB7-B038-0745AC1B3615}.Release|iPhone.ActiveCfg = Release|Any CPU
		{D1A55AF4-23E8-4BB7-B038-0745AC1B3615}.Release|iPhone.Build.0 = Release|Any CPU
		{D1A55AF4-23E8-4BB7-B038-0745AC1B3615}.Release|iPhone.Deploy.0 = Release|Any CPU
		{D1A55AF4-23E8-4BB7-B038-0745AC1B3615}.Release|iPhoneSimulator.ActiveCfg = Release|Any CPU
		{D1A55AF4-23E8-4BB7-B038-0745AC1B3615}.Release|iPhoneSimulator.Build.0 = Release|Any CPU
		{D1A55AF4-23E8-4BB7-B038-0745AC1B3615}.Release|iPhoneSimulator.Deploy.0 = Release|Any CPU
		{D1A55AF4-23E8-4BB7-B038-0745AC1B3615}.Release|x64.ActiveCfg = Release|Any CPU
		{D1A55AF4-23E8-4BB7-B038-0745AC1B3615}.Release|x64.Build.0 = Release|Any CPU
		{D1A55AF4-23E8-4BB7-B038-0745AC1B3615}.Release|x64.Deploy.0 = Release|Any CPU
		{D1A55AF4-23E8-4BB7-B038-0745AC1B3615}.Release|x86.ActiveCfg = Release|Any CPU
		{D1A55AF4-23E8-4BB7-B038-0745AC1B3615}.Release|x86.Build.0 = Release|Any CPU
		{D1A55AF4-23E8-4BB7-B038-0745AC1B3615}.Release|x86.Deploy.0 = Release|Any CPU
		{929DBD35-7BC1-4C41-BD83-4BD855BB9F27}.Debug|Any CPU.ActiveCfg = Debug|iPhoneSimulator
		{929DBD35-7BC1-4C41-BD83-4BD855BB9F27}.Debug|Any CPU.Build.0 = Debug|iPhoneSimulator
		{929DBD35-7BC1-4C41-BD83-4BD855BB9F27}.Debug|Any CPU.Deploy.0 = Debug|iPhoneSimulator
		{929DBD35-7BC1-4C41-BD83-4BD855BB9F27}.Debug|ARM.ActiveCfg = Debug|iPhoneSimulator
		{929DBD35-7BC1-4C41-BD83-4BD855BB9F27}.Debug|ARM.Build.0 = Debug|iPhoneSimulator
		{929DBD35-7BC1-4C41-BD83-4BD855BB9F27}.Debug|ARM.Deploy.0 = Debug|iPhoneSimulator
		{929DBD35-7BC1-4C41-BD83-4BD855BB9F27}.Debug|iPhone.ActiveCfg = Debug|iPhone
		{929DBD35-7BC1-4C41-BD83-4BD855BB9F27}.Debug|iPhone.Build.0 = Debug|iPhone
		{929DBD35-7BC1-4C41-BD83-4BD855BB9F27}.Debug|iPhone.Deploy.0 = Debug|iPhone
		{929DBD35-7BC1-4C41-BD83-4BD855BB9F27}.Debug|iPhoneSimulator.ActiveCfg = Debug|iPhoneSimulator
		{929DBD35-7BC1-4C41-BD83-4BD855BB9F27}.Debug|iPhoneSimulator.Build.0 = Debug|iPhoneSimulator
		{929DBD35-7BC1-4C41-BD83-4BD855BB9F27}.Debug|iPhoneSimulator.Deploy.0 = Debug|iPhoneSimulator
		{929DBD35-7BC1-4C41-BD83-4BD855BB9F27}.Debug|x64.ActiveCfg = Debug|iPhone
		{929DBD35-7BC1-4C41-BD83-4BD855BB9F27}.Debug|x64.Build.0 = Debug|iPhone
		{929DBD35-7BC1-4C41-BD83-4BD855BB9F27}.Debug|x64.Deploy.0 = Debug|iPhone
		{929DBD35-7BC1-4C41-BD83-4BD855BB9F27}.Debug|x86.ActiveCfg = Debug|iPhoneSimulator
		{929DBD35-7BC1-4C41-BD83-4BD855BB9F27}.Debug|x86.Build.0 = Debug|iPhoneSimulator
		{929DBD35-7BC1-4C41-BD83-4BD855BB9F27}.Debug|x86.Deploy.0 = Debug|iPhoneSimulator
		{929DBD35-7BC1-4C41-BD83-4BD855BB9F27}.Release|Any CPU.ActiveCfg = Release|iPhoneSimulator
		{929DBD35-7BC1-4C41-BD83-4BD855BB9F27}.Release|Any CPU.Build.0 = Release|iPhoneSimulator
		{929DBD35-7BC1-4C41-BD83-4BD855BB9F27}.Release|Any CPU.Deploy.0 = Release|iPhoneSimulator
		{929DBD35-7BC1-4C41-BD83-4BD855BB9F27}.Release|ARM.ActiveCfg = Release|iPhoneSimulator
		{929DBD35-7BC1-4C41-BD83-4BD855BB9F27}.Release|ARM.Build.0 = Release|iPhoneSimulator
		{929DBD35-7BC1-4C41-BD83-4BD855BB9F27}.Release|ARM.Deploy.0 = Release|iPhoneSimulator
		{929DBD35-7BC1-4C41-BD83-4BD855BB9F27}.Release|iPhone.ActiveCfg = Release|iPhone
		{929DBD35-7BC1-4C41-BD83-4BD855BB9F27}.Release|iPhone.Build.0 = Release|iPhone
		{929DBD35-7BC1-4C41-BD83-4BD855BB9F27}.Release|iPhone.Deploy.0 = Release|iPhone
		{929DBD35-7BC1-4C41-BD83-4BD855BB9F27}.Release|iPhoneSimulator.ActiveCfg = Release|iPhoneSimulator
		{929DBD35-7BC1-4C41-BD83-4BD855BB9F27}.Release|iPhoneSimulator.Build.0 = Release|iPhoneSimulator
		{929DBD35-7BC1-4C41-BD83-4BD855BB9F27}.Release|iPhoneSimulator.Deploy.0 = Release|iPhoneSimulator
		{929DBD35-7BC1-4C41-BD83-4BD855BB9F27}.Release|x64.ActiveCfg = Release|iPhoneSimulator
		{929DBD35-7BC1-4C41-BD83-4BD855BB9F27}.Release|x64.Build.0 = Release|iPhoneSimulator
		{929DBD35-7BC1-4C41-BD83-4BD855BB9F27}.Release|x64.Deploy.0 = Release|iPhoneSimulator
		{929DBD35-7BC1-4C41-BD83-4BD855BB9F27}.Release|x86.ActiveCfg = Release|iPhoneSimulator
		{929DBD35-7BC1-4C41-BD83-4BD855BB9F27}.Release|x86.Build.0 = Release|iPhoneSimulator
		{929DBD35-7BC1-4C41-BD83-4BD855BB9F27}.Release|x86.Deploy.0 = Release|iPhoneSimulator
		{3844CE8C-B014-47AB-931E-4DF61F7E5465}.Debug|Any CPU.ActiveCfg = Debug|Any CPU
		{3844CE8C-B014-47AB-931E-4DF61F7E5465}.Debug|Any CPU.Build.0 = Debug|Any CPU
		{3844CE8C-B014-47AB-931E-4DF61F7E5465}.Debug|Any CPU.Deploy.0 = Debug|Any CPU
		{3844CE8C-B014-47AB-931E-4DF61F7E5465}.Debug|ARM.ActiveCfg = Debug|Any CPU
		{3844CE8C-B014-47AB-931E-4DF61F7E5465}.Debug|ARM.Build.0 = Debug|Any CPU
		{3844CE8C-B014-47AB-931E-4DF61F7E5465}.Debug|ARM.Deploy.0 = Debug|Any CPU
		{3844CE8C-B014-47AB-931E-4DF61F7E5465}.Debug|iPhone.ActiveCfg = Debug|Any CPU
		{3844CE8C-B014-47AB-931E-4DF61F7E5465}.Debug|iPhone.Build.0 = Debug|Any CPU
		{3844CE8C-B014-47AB-931E-4DF61F7E5465}.Debug|iPhone.Deploy.0 = Debug|Any CPU
		{3844CE8C-B014-47AB-931E-4DF61F7E5465}.Debug|iPhoneSimulator.ActiveCfg = Debug|Any CPU
		{3844CE8C-B014-47AB-931E-4DF61F7E5465}.Debug|iPhoneSimulator.Build.0 = Debug|Any CPU
		{3844CE8C-B014-47AB-931E-4DF61F7E5465}.Debug|iPhoneSimulator.Deploy.0 = Debug|Any CPU
		{3844CE8C-B014-47AB-931E-4DF61F7E5465}.Debug|x64.ActiveCfg = Debug|Any CPU
		{3844CE8C-B014-47AB-931E-4DF61F7E5465}.Debug|x64.Build.0 = Debug|Any CPU
		{3844CE8C-B014-47AB-931E-4DF61F7E5465}.Debug|x64.Deploy.0 = Debug|Any CPU
		{3844CE8C-B014-47AB-931E-4DF61F7E5465}.Debug|x86.ActiveCfg = Debug|Any CPU
		{3844CE8C-B014-47AB-931E-4DF61F7E5465}.Debug|x86.Build.0 = Debug|Any CPU
		{3844CE8C-B014-47AB-931E-4DF61F7E5465}.Debug|x86.Deploy.0 = Debug|Any CPU
		{3844CE8C-B014-47AB-931E-4DF61F7E5465}.Release|Any CPU.ActiveCfg = Release|Any CPU
		{3844CE8C-B014-47AB-931E-4DF61F7E5465}.Release|Any CPU.Build.0 = Release|Any CPU
		{3844CE8C-B014-47AB-931E-4DF61F7E5465}.Release|Any CPU.Deploy.0 = Release|Any CPU
		{3844CE8C-B014-47AB-931E-4DF61F7E5465}.Release|ARM.ActiveCfg = Release|Any CPU
		{3844CE8C-B014-47AB-931E-4DF61F7E5465}.Release|ARM.Build.0 = Release|Any CPU
		{3844CE8C-B014-47AB-931E-4DF61F7E5465}.Release|ARM.Deploy.0 = Release|Any CPU
		{3844CE8C-B014-47AB-931E-4DF61F7E5465}.Release|iPhone.ActiveCfg = Release|Any CPU
		{3844CE8C-B014-47AB-931E-4DF61F7E5465}.Release|iPhone.Build.0 = Release|Any CPU
		{3844CE8C-B014-47AB-931E-4DF61F7E5465}.Release|iPhone.Deploy.0 = Release|Any CPU
		{3844CE8C-B014-47AB-931E-4DF61F7E5465}.Release|iPhoneSimulator.ActiveCfg = Release|Any CPU
		{3844CE8C-B014-47AB-931E-4DF61F7E5465}.Release|iPhoneSimulator.Build.0 = Release|Any CPU
		{3844CE8C-B014-47AB-931E-4DF61F7E5465}.Release|iPhoneSimulator.Deploy.0 = Release|Any CPU
		{3844CE8C-B014-47AB-931E-4DF61F7E5465}.Release|x64.ActiveCfg = Release|Any CPU
		{3844CE8C-B014-47AB-931E-4DF61F7E5465}.Release|x64.Build.0 = Release|Any CPU
		{3844CE8C-B014-47AB-931E-4DF61F7E5465}.Release|x64.Deploy.0 = Release|Any CPU
		{3844CE8C-B014-47AB-931E-4DF61F7E5465}.Release|x86.ActiveCfg = Release|Any CPU
		{3844CE8C-B014-47AB-931E-4DF61F7E5465}.Release|x86.Build.0 = Release|Any CPU
		{3844CE8C-B014-47AB-931E-4DF61F7E5465}.Release|x86.Deploy.0 = Release|Any CPU
	EndGlobalSection
	GlobalSection(SolutionProperties) = preSolution
		HideSolutionNode = FALSE
	EndGlobalSection
	GlobalSection(ExtensibilityGlobals) = postSolution
		SolutionGuid = {8A1D795E-4332-4DD9-83CB-551ED0185573}
	EndGlobalSection
EndGlobal
